
Microsoft Visual Studio Solution File, Format Version 12.00
# Visual Studio Version 16
VisualStudioVersion = 16.0.31005.135
MinimumVisualStudioVersion = 10.0.40219.1
Project("{FAE04EC0-301F-11D3-BF4B-00C04F79EFBC}") = "TimeForCoffee", "TimeForCoffee.csproj", "{70BE1993-E9E8-4B61-B50C-15E5DAFE0BDA}"
EndProject
Global
	GlobalSection(SolutionConfigurationPlatforms) = preSolution
		Debug|Any CPU = Debug|Any CPU
		Release|Any CPU = Release|Any CPU
	EndGlobalSection
	GlobalSection(ProjectConfigurationPlatforms) = postSolution
		{70BE1993-E9E8-4B61-B50C-15E5DAFE0BDA}.Debug|Any CPU.ActiveCfg = Debug|Any CPU
		{70BE1993-E9E8-4B61-B50C-15E5DAFE0BDA}.Debug|Any CPU.Build.0 = Debug|Any CPU
		{70BE1993-E9E8-4B61-B50C-15E5DAFE0BDA}.Release|Any CPU.ActiveCfg = Release|Any CPU
		{70BE1993-E9E8-4B61-B50C-15E5DAFE0BDA}.Release|Any CPU.Build.0 = Release|Any CPU
	EndGlobalSection
	GlobalSection(SolutionProperties) = preSolution
		HideSolutionNode = FALSE
	EndGlobalSection
	GlobalSection(ExtensibilityGlobals) = postSolution
		SolutionGuid = {B0674CA7-46D7-497F-9CB7-E022AA574C3E}
	EndGlobalSection
EndGlobal
